
Microsoft Visual Studio Solution File, Format Version 12.00
# Visual Studio Version 16
VisualStudioVersion = 16.0.29709.97
MinimumVisualStudioVersion = 10.0.40219.1
Project("{FAE04EC0-301F-11D3-BF4B-00C04F79EFBC}") = "DictionaryExample", "DictionaryExample.csproj", "{051E0F34-6046-47D1-827E-1273EA8F4DA9}"
EndProject
Global
	GlobalSection(SolutionConfigurationPlatforms) = preSolution
		Debug|Any CPU = Debug|Any CPU
		Release|Any CPU = Release|Any CPU
	EndGlobalSection
	GlobalSection(ProjectConfigurationPlatforms) = postSolution
		{051E0F34-6046-47D1-827E-1273EA8F4DA9}.Debug|Any CPU.ActiveCfg = Debug|Any CPU
		{051E0F34-6046-47D1-827E-1273EA8F4DA9}.Debug|Any CPU.Build.0 = Debug|Any CPU
		{051E0F34-6046-47D1-827E-1273EA8F4DA9}.Release|Any CPU.ActiveCfg = Release|Any CPU
		{051E0F34-6046-47D1-827E-1273EA8F4DA9}.Release|Any CPU.Build.0 = Release|Any CPU
	EndGlobalSection
	GlobalSection(SolutionProperties) = preSolution
		HideSolutionNode = FALSE
	EndGlobalSection
	GlobalSection(ExtensibilityGlobals) = postSolution
		SolutionGuid = {C8C96DD7-ABDA-42D7-9B20-452CF68E091A}
	EndGlobalSection
EndGlobal
